
Microsoft Visual Studio Solution File, Format Version 12.00
# Visual Studio 15
VisualStudioVersion = 15.0.26124.0
MinimumVisualStudioVersion = 15.0.26124.0
Project("{FAE04EC0-301F-11D3-BF4B-00C04F79EFBC}") = "cryptoCurrency.worker", "cryptoCurrency.worker\cryptoCurrency.worker.csproj", "{CA0B6243-8359-412F-B422-B910AFBDE2A8}"
EndProject
Project("{FAE04EC0-301F-11D3-BF4B-00C04F79EFBC}") = "cryptoCurrency.services", "cryptoCurrency.services\cryptoCurrency.services.csproj", "{030310C8-67C5-4906-948D-9BA3C40AD062}"
EndProject
Project("{FAE04EC0-301F-11D3-BF4B-00C04F79EFBC}") = "cryptoCurrency.tasks", "cryptoCurrency.tasks\cryptoCurrency.tasks.csproj", "{7D58C64D-C7A4-41FE-811B-099BB2CB8699}"
EndProject
Project("{FAE04EC0-301F-11D3-BF4B-00C04F79EFBC}") = "cryptoCurrency.core", "cryptoCurrency.core\cryptoCurrency.core.csproj", "{B84C9F87-3542-4775-AFD7-CA31A4A78C1C}"
EndProject
Global
	GlobalSection(SolutionConfigurationPlatforms) = preSolution
		Debug|Any CPU = Debug|Any CPU
		Debug|x64 = Debug|x64
		Debug|x86 = Debug|x86
		Release|Any CPU = Release|Any CPU
		Release|x64 = Release|x64
		Release|x86 = Release|x86
	EndGlobalSection
	GlobalSection(SolutionProperties) = preSolution
		HideSolutionNode = FALSE
	EndGlobalSection
	GlobalSection(ProjectConfigurationPlatforms) = postSolution
		{CA0B6243-8359-412F-B422-B910AFBDE2A8}.Debug|Any CPU.ActiveCfg = Debug|Any CPU
		{CA0B6243-8359-412F-B422-B910AFBDE2A8}.Debug|Any CPU.Build.0 = Debug|Any CPU
		{CA0B6243-8359-412F-B422-B910AFBDE2A8}.Debug|x64.ActiveCfg = Debug|Any CPU
		{CA0B6243-8359-412F-B422-B910AFBDE2A8}.Debug|x64.Build.0 = Debug|Any CPU
		{CA0B6243-8359-412F-B422-B910AFBDE2A8}.Debug|x86.ActiveCfg = Debug|Any CPU
		{CA0B6243-8359-412F-B422-B910AFBDE2A8}.Debug|x86.Build.0 = Debug|Any CPU
		{CA0B6243-8359-412F-B422-B910AFBDE2A8}.Release|Any CPU.ActiveCfg = Release|Any CPU
		{CA0B6243-8359-412F-B422-B910AFBDE2A8}.Release|Any CPU.Build.0 = Release|Any CPU
		{CA0B6243-8359-412F-B422-B910AFBDE2A8}.Release|x64.ActiveCfg = Release|Any CPU
		{CA0B6243-8359-412F-B422-B910AFBDE2A8}.Release|x64.Build.0 = Release|Any CPU
		{CA0B6243-8359-412F-B422-B910AFBDE2A8}.Release|x86.ActiveCfg = Release|Any CPU
		{CA0B6243-8359-412F-B422-B910AFBDE2A8}.Release|x86.Build.0 = Release|Any CPU
		{030310C8-67C5-4906-948D-9BA3C40AD062}.Debug|Any CPU.ActiveCfg = Debug|Any CPU
		{030310C8-67C5-4906-948D-9BA3C40AD062}.Debug|Any CPU.Build.0 = Debug|Any CPU
		{030310C8-67C5-4906-948D-9BA3C40AD062}.Debug|x64.ActiveCfg = Debug|Any CPU
		{030310C8-67C5-4906-948D-9BA3C40AD062}.Debug|x64.Build.0 = Debug|Any CPU
		{030310C8-67C5-4906-948D-9BA3C40AD062}.Debug|x86.ActiveCfg = Debug|Any CPU
		{030310C8-67C5-4906-948D-9BA3C40AD062}.Debug|x86.Build.0 = Debug|Any CPU
		{030310C8-67C5-4906-948D-9BA3C40AD062}.Release|Any CPU.ActiveCfg = Release|Any CPU
		{030310C8-67C5-4906-948D-9BA3C40AD062}.Release|Any CPU.Build.0 = Release|Any CPU
		{030310C8-67C5-4906-948D-9BA3C40AD062}.Release|x64.ActiveCfg = Release|Any CPU
		{030310C8-67C5-4906-948D-9BA3C40AD062}.Release|x64.Build.0 = Release|Any CPU
		{030310C8-67C5-4906-948D-9BA3C40AD062}.Release|x86.ActiveCfg = Release|Any CPU
		{030310C8-67C5-4906-948D-9BA3C40AD062}.Release|x86.Build.0 = Release|Any CPU
		{7D58C64D-C7A4-41FE-811B-099BB2CB8699}.Debug|Any CPU.ActiveCfg = Debug|Any CPU
		{7D58C64D-C7A4-41FE-811B-099BB2CB8699}.Debug|Any CPU.Build.0 = Debug|Any CPU
		{7D58C64D-C7A4-41FE-811B-099BB2CB8699}.Debug|x64.ActiveCfg = Debug|Any CPU
		{7D58C64D-C7A4-41FE-811B-099BB2CB8699}.Debug|x64.Build.0 = Debug|Any CPU
		{7D58C64D-C7A4-41FE-811B-099BB2CB8699}.Debug|x86.ActiveCfg = Debug|Any CPU
		{7D58C64D-C7A4-41FE-811B-099BB2CB8699}.Debug|x86.Build.0 = Debug|Any CPU
		{7D58C64D-C7A4-41FE-811B-099BB2CB8699}.Release|Any CPU.ActiveCfg = Release|Any CPU
		{7D58C64D-C7A4-41FE-811B-099BB2CB8699}.Release|Any CPU.Build.0 = Release|Any CPU
		{7D58C64D-C7A4-41FE-811B-099BB2CB8699}.Release|x64.ActiveCfg = Release|Any CPU
		{7D58C64D-C7A4-41FE-811B-099BB2CB8699}.Release|x64.Build.0 = Release|Any CPU
		{7D58C64D-C7A4-41FE-811B-099BB2CB8699}.Release|x86.ActiveCfg = Release|Any CPU
		{7D58C64D-C7A4-41FE-811B-099BB2CB8699}.Release|x86.Build.0 = Release|Any CPU
		{B84C9F87-3542-4775-AFD7-CA31A4A78C1C}.Debug|Any CPU.ActiveCfg = Debug|Any CPU
		{B84C9F87-3542-4775-AFD7-CA31A4A78C1C}.Debug|Any CPU.Build.0 = Debug|Any CPU
		{B84C9F87-3542-4775-AFD7-CA31A4A78C1C}.Debug|x64.ActiveCfg = Debug|Any CPU
		{B84C9F87-3542-4775-AFD7-CA31A4A78C1C}.Debug|x64.Build.0 = Debug|Any CPU
		{B84C9F87-3542-4775-AFD7-CA31A4A78C1C}.Debug|x86.ActiveCfg = Debug|Any CPU
		{B84C9F87-3542-4775-AFD7-CA31A4A78C1C}.Debug|x86.Build.0 = Debug|Any CPU
		{B84C9F87-3542-4775-AFD7-CA31A4A78C1C}.Release|Any CPU.ActiveCfg = Release|Any CPU
		{B84C9F87-3542-4775-AFD7-CA31A4A78C1C}.Release|Any CPU.Build.0 = Release|Any CPU
		{B84C9F87-3542-4775-AFD7-CA31A4A78C1C}.Release|x64.ActiveCfg = Release|Any CPU
		{B84C9F87-3542-4775-AFD7-CA31A4A78C1C}.Release|x64.Build.0 = Release|Any CPU
		{B84C9F87-3542-4775-AFD7-CA31A4A78C1C}.Release|x86.ActiveCfg = Release|Any CPU
		{B84C9F87-3542-4775-AFD7-CA31A4A78C1C}.Release|x86.Build.0 = Release|Any CPU
	EndGlobalSection
EndGlobal
